# THIS IS AN AUTOGENERATED FILE. DO NOT EDIT THIS FILE DIRECTLY.
# yarn lockfile v1


"@babel/runtime@^7.8.4":
  version "7.24.0"
  resolved "https://registry.yarnpkg.com/@babel/runtime/-/runtime-7.24.0.tgz#584c450063ffda59697021430cb47101b085951e"
  integrity sha512-Chk32uHMg6TnQdvw2e9IlqPpFX/6NLuK0Ys2PqLb7/gL5uFn9mXvK715FGLlOLQrcO4qIkNHkvPGktzzXexsFw==
  dependencies:
    regenerator-runtime "^0.14.0"

"@hotwired/stimulus@^3.2.2":
  version "3.2.2"
  resolved "https://registry.yarnpkg.com/@hotwired/stimulus/-/stimulus-3.2.2.tgz#071aab59c600fed95b97939e605ff261a4251608"
  integrity sha512-eGeIqNOQpXoPAIP7tC1+1Yc1yl1xnwYqg+3mzqxyrbE5pg5YFBZcA6YoTiByJB6DKAEsiWtl6tjTJS4IYtbB7A==

"@popperjs/core@^2.11.8":
  version "2.11.8"
  resolved "https://registry.yarnpkg.com/@popperjs/core/-/core-2.11.8.tgz#6b79032e760a0899cd4204710beede972a3a185f"
  integrity sha512-P1st0aksCrn9sGZhp8GMYwBnQsbvAWsZAX44oXNNvLHGqAOcoVxmjZiohstwQ7SqKnbR47akdNi+uleWD8+g6A==

balanced-match@^1.0.0:
  version "1.0.2"
  resolved "https://registry.yarnpkg.com/balanced-match/-/balanced-match-1.0.2.tgz#e83e3a7e3f300b34cb9d87f615fa0cbf357690ee"
  integrity sha512-3oSeUO0TMV67hN1AmbXsK4yaqU7tjiHlbxRDZOpH0KW9+CeX4bRAaX0Anxt0tx2MrpRpWwQaPwIlISEJhYU5Pw==

bootstrap@^5.3.3:
  version "5.3.3"
  resolved "https://registry.yarnpkg.com/bootstrap/-/bootstrap-5.3.3.tgz#de35e1a765c897ac940021900fcbb831602bac38"
  integrity sha512-8HLCdWgyoMguSO9o+aH+iuZ+aht+mzW0u3HIMzVu7Srrpv7EBBxTnrFlSCskwdY1+EOFQSm7uMJhNQHkdPcmjg==

brace-expansion@^1.1.7:
  version "1.1.11"
  resolved "https://registry.yarnpkg.com/brace-expansion/-/brace-expansion-1.1.11.tgz#3c7fcbf529d87226f3d2f52b966ff5271eb441dd"
  integrity sha512-iCuPHDFgrHX7H2vEI/5xpz07zSHB00TpugqhmYtVmMO6518mCuRMoOYFldEBl0g187ufozdaHgWKcYFb61qGiA==
  dependencies:
    balanced-match "^1.0.0"
    concat-map "0.0.1"

concat-map@0.0.1:
  version "0.0.1"
  resolved "https://registry.yarnpkg.com/concat-map/-/concat-map-0.0.1.tgz#d8a96bd77fd68df7793a73036a3ba0d5405d477b"
  integrity sha512-/Srv4dswyQNBfohGpz9o6Yb3Gz3SrUDqBH5rTuhGR7ahtlbYKnVxw2bCFMRljaA7EXHaXZ8wsHdodFvbkhKmqg==

core-util-is@~1.0.0:
  version "1.0.3"
  resolved "https://registry.yarnpkg.com/core-util-is/-/core-util-is-1.0.3.tgz#a6042d3634c2b27e9328f837b965fac83808db85"
  integrity sha512-ZQBvi1DcpJ4GDqanjucZ2Hj3wEO5pZDS89BWbkcrvdxksJorwUDDZamX9ldFkp9aw2lmBDLgkObEA4DWNJ9FYQ==

datatables.net-bs5@>=1.11.0, datatables.net-bs5@>=2.0.0, datatables.net-bs5@^2.0.1:
  version "2.0.1"
  resolved "https://registry.yarnpkg.com/datatables.net-bs5/-/datatables.net-bs5-2.0.1.tgz#e72235e05cc36569430a611e3b79144680525daf"
  integrity sha512-j6EIOuqsRE1n+ADXPVa7v/hlYVaW9LetJskOTdb57pxOcwkxHy+cJG6U2LP4eBGsOrOvNMjdbPk7WV1xBfhQtA==
  dependencies:
    datatables.net "2.0.1"
    jquery ">=1.7"

datatables.net-buttons-bs5@^3.0.0:
  version "3.0.0"
  resolved "https://registry.yarnpkg.com/datatables.net-buttons-bs5/-/datatables.net-buttons-bs5-3.0.0.tgz#e70e3e8ef23d0a441fa947bd42246ab469af47b5"
  integrity sha512-NalJNhnkVpuiqVVwFe2mKteDrzfTIJTirZrws4w+YtZq9ICgMhl9VUzh0tYUILvvO22vaqs8dN7lekn5FUa3dA==
  dependencies:
    datatables.net-bs5 ">=2.0.0"
    datatables.net-buttons "3.0.0"
    jquery ">=1.7"

datatables.net-buttons@3.0.0:
  version "3.0.0"
  resolved "https://registry.yarnpkg.com/datatables.net-buttons/-/datatables.net-buttons-3.0.0.tgz#220fd88e19be3f88b6cb233818ea45a61a9bd19c"
  integrity sha512-ThC7/H116bHpDFRK+TbBb/UPcxm+PzQbmnrzUGEq9O0teaA7ClAYIkzzTatKPsOHtf7qGqry5pMxuOTyocJIxQ==
  dependencies:
    datatables.net ">=2.0.0"
    jquery ">=1.7"

datatables.net-colreorder-bs5@^2.0.0:
  version "2.0.0"
  resolved "https://registry.yarnpkg.com/datatables.net-colreorder-bs5/-/datatables.net-colreorder-bs5-2.0.0.tgz#01d586e6939234bd69cd6ac01d9b0afd97e6d2c1"
  integrity sha512-DbEriiQTJgP6J78d/NapGfIC8egmweP5Sj/brqK5jrr1UYJeJT2TZQNheca05h/VtYQMP71lO1Z7qwBSf8m+jA==
  dependencies:
    datatables.net-bs5 ">=2.0.0"
    datatables.net-colreorder "2.0.0"
    jquery ">=1.7"

datatables.net-colreorder@2.0.0, datatables.net-colreorder@^2.0.0:
  version "2.0.0"
  resolved "https://registry.yarnpkg.com/datatables.net-colreorder/-/datatables.net-colreorder-2.0.0.tgz#957c915cedafb22b55a798de9e557b932e10e1f0"
  integrity sha512-ZsDHKxisGbdBh2IEb+AC6O3LgkBoibCbdXaZKBK6SBUEul085Zt3NUFmieTljXVkDWdewSLg4IvhkE8zKzQjVQ==
  dependencies:
    datatables.net ">=2.0.0"
    jquery ">=1.7"

datatables.net-datetime@^1.5.2:
  version "1.5.2"
  resolved "https://registry.yarnpkg.com/datatables.net-datetime/-/datatables.net-datetime-1.5.2.tgz#c9ffd5083addaf4aefd93b69e52ba8795d86c474"
  integrity sha512-rOriqo69qHjlyEqBhLfcWJXKk2kB1apjNjRJ+cN5xbhq+MLZOk6twpw0aSLHDFijF7cw/gVRzycQ4xyIK6VLGw==

datatables.net-fixedcolumns-bs5@^5.0.0:
  version "5.0.0"
  resolved "https://registry.yarnpkg.com/datatables.net-fixedcolumns-bs5/-/datatables.net-fixedcolumns-bs5-5.0.0.tgz#e43830a1b58cbb6fe105b3c2ede72118b7614c3d"
  integrity sha512-hwLhclvSHpzxigFD2L/rHOgCxdnUDrZY7he5Etc51JmE/cKnS1X+7ap1++ucVMxwRg/ijwUBA9FpoX88HRIB7A==
  dependencies:
    datatables.net-bs5 ">=2.0.0"
    datatables.net-fixedcolumns "5.0.0"
    jquery ">=1.7"

datatables.net-fixedcolumns@5.0.0:
  version "5.0.0"
  resolved "https://registry.yarnpkg.com/datatables.net-fixedcolumns/-/datatables.net-fixedcolumns-5.0.0.tgz#4c8f6d38aecd326ef4505cf7fbbcca8aa3992564"
  integrity sha512-7dTJrVDkZCicx9g//N3ufuEjvwrZpcmpjbkwrtC5LiQFCnuL/hMOiOb4CBcvTg5OiTU7VmtbBuQkeAJGs3QM5g==
  dependencies:
    datatables.net ">=2.0.0"
    jquery ">=1.7"

datatables.net-fixedheader-bs5@^4.0.0:
  version "4.0.0"
  resolved "https://registry.yarnpkg.com/datatables.net-fixedheader-bs5/-/datatables.net-fixedheader-bs5-4.0.0.tgz#4fdf6b3ff76757896bd990aa5254e67cdc07b13b"
  integrity sha512-7FZyjsAhSu02kosqnXVMEunsno2iLahcYGRnxc3gpfS5STsXeWwrOYU//r44ytXR7UMh7FHwHNCuKxBn2iEyiA==
  dependencies:
    datatables.net-bs5 ">=2.0.0"
    datatables.net-fixedheader "4.0.0"
    jquery ">=1.7"

datatables.net-fixedheader@4.0.0:
  version "4.0.0"
  resolved "https://registry.yarnpkg.com/datatables.net-fixedheader/-/datatables.net-fixedheader-4.0.0.tgz#ee9f8d89d42c48540ff09d19f9c8539a97797f03"
  integrity sha512-Fw9hfN3nicI9RR23yaW+dynwaFYHBTmDwL0CwuVYMZoDcAqzWICBQKLrzx0m3TobdVfp6g0sL5vt3ORZDLwygA==
  dependencies:
    datatables.net ">=2.0.0"
    jquery ">=1.7"

datatables.net-responsive-bs5@^3.0.0:
  version "3.0.0"
  resolved "https://registry.yarnpkg.com/datatables.net-responsive-bs5/-/datatables.net-responsive-bs5-3.0.0.tgz#b30b6efbeecc5ec7908e25ab0a6eda96f6ef906f"
  integrity sha512-heAN/DN9jNWBNBQFdc4fqccyy3KGoj29YtZWH+N78/aKICGMGQmi0PjgRz+lS6lqdBynGvD8ej5514E7b5nTRw==
  dependencies:
    datatables.net-bs5 ">=2.0.0"
    datatables.net-responsive "3.0.0"
    jquery ">=1.7"

datatables.net-responsive@3.0.0, datatables.net-responsive@^3.0.0:
  version "3.0.0"
  resolved "https://registry.yarnpkg.com/datatables.net-responsive/-/datatables.net-responsive-3.0.0.tgz#230382ed4058079164dd3cdfeb2dd08712428e16"
  integrity sha512-6O+hZREfZ6bj86bEFOVYH76OgqETX7t0EsfKWwKuo8gpYe50SE9QPcy7DKsuO1swqluwS+442QIVsLfIXoBnNg==
  dependencies:
    datatables.net ">=2.0.0"
    jquery ">=1.7"

datatables.net-scroller-bs5@^2.3.0:
  version "2.4.0"
  resolved "https://registry.yarnpkg.com/datatables.net-scroller-bs5/-/datatables.net-scroller-bs5-2.4.0.tgz#96961564fb64b1509e32c9082e3abdb5ce0d7541"
  integrity sha512-ZtHHVE8XQ6PkocaJYw6mOvQpH9cWa8VzJoqiVomDRqCKRk/R5saF86iCrjNQnLMrEJtpYjoszVQWUTp+22sC6A==
  dependencies:
    datatables.net-bs5 ">=1.11.0"
    datatables.net-scroller "2.4.0"
    jquery ">=1.7"

datatables.net-scroller@2.4.0, datatables.net-scroller@^2.3.0:
  version "2.4.0"
  resolved "https://registry.yarnpkg.com/datatables.net-scroller/-/datatables.net-scroller-2.4.0.tgz#932b630b7ade6ec7d8d34e062bd718aae599ec79"
  integrity sha512-SrIYyBD74Pjj/yajTu7i0YtGFiUMHWKlnO59kwIZoZhCyCh6d7S+e9HF/oT1tXjNvFWfvwA2wbA+PF20fDRA2g==
  dependencies:
    datatables.net ">=1.11.0"
    jquery ">=1.7"

datatables.net@2.0.1, datatables.net@>=1.11.0, datatables.net@>=2.0.0, datatables.net@^2.0.1:
  version "2.0.1"
  resolved "https://registry.yarnpkg.com/datatables.net/-/datatables.net-2.0.1.tgz#6cf360a9d514bc39fa92e38025ded18d75e646a9"
  integrity sha512-VvAZWkjkvEF4i3GprHbXrfHoG7gZPAZ5FWXcvkiL4ELFfLIwPUjt8qzCSml7SH5hI8Lm45DYSnp9d0xl/sWrMw==
  dependencies:
    jquery ">=1.7"

foreachasync@^3.0.0:
  version "3.0.0"
  resolved "https://registry.yarnpkg.com/foreachasync/-/foreachasync-3.0.0.tgz#5502987dc8714be3392097f32e0071c9dee07cf6"
  integrity sha512-J+ler7Ta54FwwNcx6wQRDhTIbNeyDcARMkOcguEqnEdtm0jKvN3Li3PDAb2Du3ubJYEWfYL83XMROXdsXAXycw==

immediate@~3.0.5:
  version "3.0.6"
  resolved "https://registry.yarnpkg.com/immediate/-/immediate-3.0.6.tgz#9db1dbd0faf8de6fbe0f5dd5e56bb606280de69b"
  integrity sha512-XXOFtyqDjNDAQxVfYxuF7g9Il/IbWmmlQg2MYKOH8ExIT1qg6xc4zyS3HaEEATgs1btfzxq15ciUiY7gjSXRGQ==

inherits@~2.0.3:
  version "2.0.4"
  resolved "https://registry.yarnpkg.com/inherits/-/inherits-2.0.4.tgz#0fa2c64f932917c3433a0ded55363aae37416b7c"
  integrity sha512-k/vGaX4/Yla3WzyMCvTQOXYeIHvqOKtnqBduzTHpzpQZzAskKMhZ2K+EnBiSM9zGSoIFeMpXKxa4dYeZIQqewQ==

isarray@~1.0.0:
  version "1.0.0"
  resolved "https://registry.yarnpkg.com/isarray/-/isarray-1.0.0.tgz#bb935d48582cba168c06834957a54a3e07124f11"
  integrity sha512-VLghIWNM6ELQzo7zwmcg0NmTVyWKYjvIeM83yjp0wRDTmUnrM678fQbcKBo6n2CJEF0szoG//ytg+TKla89ALQ==

jquery@>=1.7:
  version "3.7.1"
  resolved "https://registry.yarnpkg.com/jquery/-/jquery-3.7.1.tgz#083ef98927c9a6a74d05a6af02806566d16274de"
  integrity sha512-m4avr8yL8kmFN8psrbFFFmB/If14iN5o9nw/NgnnM+kybDJpRsAynV2BsfpTYrTRysYUdADVD7CkUUizgkpLfg==

jszip@^3.10.1:
  version "3.10.1"
  resolved "https://registry.yarnpkg.com/jszip/-/jszip-3.10.1.tgz#34aee70eb18ea1faec2f589208a157d1feb091c2"
  integrity sha512-xXDvecyTpGLrqFrvkrUSoxxfJI5AH7U8zxxtVclpsUtMCq4JQ290LY8AW5c7Ggnr/Y/oK+bQMbqK2qmtk3pN4g==
  dependencies:
    lie "~3.3.0"
    pako "~1.0.2"
    readable-stream "~2.3.6"
    setimmediate "^1.0.5"

lie@~3.3.0:
  version "3.3.0"
  resolved "https://registry.yarnpkg.com/lie/-/lie-3.3.0.tgz#dcf82dee545f46074daf200c7c1c5a08e0f40f6a"
  integrity sha512-UaiMJzeWRlEujzAuw5LokY1L5ecNQYZKfmyZ9L7wDHb/p5etKaxXhohBcrw0EYby+G/NA52vRSN4N39dxHAIwQ==
  dependencies:
    immediate "~3.0.5"

locutus@^2.0.11:
  version "2.0.16"
  resolved "https://registry.yarnpkg.com/locutus/-/locutus-2.0.16.tgz#1da15532f1d735712a27e35a1caf0ccb7041f6b3"
  integrity sha512-pGfl6Hb/1mXLzrX5kl5lH7gz25ey0vwQssZp8Qo2CEF59di6KrAgdFm+0pW8ghLnvNzzJGj5tlWhhv2QbK3jeQ==

minimatch@3.0.x:
  version "3.0.8"
  resolved "https://registry.yarnpkg.com/minimatch/-/minimatch-3.0.8.tgz#5e6a59bd11e2ab0de1cfb843eb2d82e546c321c1"
  integrity sha512-6FsRAQsxQ61mw+qP1ZzbL9Bc78x2p5OqNgNpnoAFLTrX8n5Kxph0CsnhmKKNXTWjXqU5L0pGPR7hYk+XWZr60Q==
  dependencies:
    brace-expansion "^1.1.7"

pako@~1.0.2:
  version "1.0.11"
  resolved "https://registry.yarnpkg.com/pako/-/pako-1.0.11.tgz#6c9599d340d54dfd3946380252a35705a6b992bf"
  integrity sha512-4hLB8Py4zZce5s4yd9XzopqwVv/yGNhV1Bl8NTmCq1763HeK2+EwVTv+leGeL13Dnh2wfbqowVPXCIO0z4taYw==

perfect-scrollbar@^1.5.5:
  version "1.5.5"
  resolved "https://registry.yarnpkg.com/perfect-scrollbar/-/perfect-scrollbar-1.5.5.tgz#41a211a2fb52a7191eff301432134ea47052b27f"
  integrity sha512-dzalfutyP3e/FOpdlhVryN4AJ5XDVauVWxybSkLZmakFE2sS3y3pc4JnSprw8tGmHvkaG5Edr5T7LBTZ+WWU2g==

process-nextick-args@~2.0.0:
  version "2.0.1"
  resolved "https://registry.yarnpkg.com/process-nextick-args/-/process-nextick-args-2.0.1.tgz#7820d9b16120cc55ca9ae7792680ae7dba6d7fe2"
  integrity sha512-3ouUOpQhtgrbOa17J7+uxOTpITYWaGP7/AhoR3+A+/1e9skrzelGi/dXzEYyvbxubEF6Wn2ypscTKiKJFFn1ag==

readable-stream@~2.3.6:
  version "2.3.8"
  resolved "https://registry.yarnpkg.com/readable-stream/-/readable-stream-2.3.8.tgz#91125e8042bba1b9887f49345f6277027ce8be9b"
  integrity sha512-8p0AUk4XODgIewSi0l8Epjs+EVnWiK7NoDIEGU0HhE7+ZyY8D1IMY7odu5lRrFXGg71L15KG8QrPmum45RTtdA==
  dependencies:
    core-util-is "~1.0.0"
    inherits "~2.0.3"
    isarray "~1.0.0"
    process-nextick-args "~2.0.0"
    safe-buffer "~5.1.1"
    string_decoder "~1.1.1"
    util-deprecate "~1.0.1"

regenerator-runtime@^0.14.0:
  version "0.14.1"
  resolved "https://registry.yarnpkg.com/regenerator-runtime/-/regenerator-runtime-0.14.1.tgz#356ade10263f685dda125100cd862c1db895327f"
  integrity sha512-dYnhHh0nJoMfnkZs6GmmhFknAGRrLznOu5nc9ML+EJxGvrx6H7teuevqVqCuPcPK//3eDrrjQhehXVx9cnkGdw==

safe-buffer@~5.1.0, safe-buffer@~5.1.1:
  version "5.1.2"
  resolved "https://registry.yarnpkg.com/safe-buffer/-/safe-buffer-5.1.2.tgz#991ec69d296e0313747d59bdfd2b745c35f8828d"
  integrity sha512-Gd2UZBJDkXlY7GbJxfsE8/nvKkUEU1G38c1siN6QP6a9PT9MmHB8GnpscSmMJSoF8LOIrt8ud/wPtojys4G6+g==

setimmediate@^1.0.5:
  version "1.0.5"
  resolved "https://registry.yarnpkg.com/setimmediate/-/setimmediate-1.0.5.tgz#290cbb232e306942d7d7ea9b83732ab7856f8285"
  integrity sha512-MATJdZp8sLqDl/68LfQmbP8zKPLQNV6BIZoIgrscFDQ+RsvK/BxeDQOgyxKKoh0y/8h3BqVFnCqQ/gd+reiIXA==

string_decoder@~1.1.1:
  version "1.1.1"
  resolved "https://registry.yarnpkg.com/string_decoder/-/string_decoder-1.1.1.tgz#9cf1611ba62685d7030ae9e4ba34149c3af03fc8"
  integrity sha512-n/ShnvDi6FHbbVfviro+WojiFzv+s8MPMHBczVePfUpDJLwoLT0ht1l4YwBCbi8pJAveEEdnkHyPyTP/mzRfwg==
  dependencies:
    safe-buffer "~5.1.0"

twig@^1.17.1:
  version "1.17.1"
  resolved "https://registry.yarnpkg.com/twig/-/twig-1.17.1.tgz#2e4b158cbd072e93deac009d76a807a3d9966b24"
  integrity sha512-atxccyr/BHtb1gPMA7Lvki0OuU17XBqHsNH9lzDHt9Rr1293EVZOosSZabEXz/DPVikIW8ZDqSkEddwyJnQN2w==
  dependencies:
    "@babel/runtime" "^7.8.4"
    locutus "^2.0.11"
    minimatch "3.0.x"
    walk "2.3.x"

util-deprecate@~1.0.1:
  version "1.0.2"
  resolved "https://registry.yarnpkg.com/util-deprecate/-/util-deprecate-1.0.2.tgz#450d4dc9fa70de732762fbd2d4a28981419a0ccf"
  integrity sha512-EPD5q1uXyFxJpCrLnCc1nHnq3gOa6DZBocAIiI2TaSCA7VCJ1UJDMagCzIkXNsUYfD1daK//LTEQ8xiIbrHtcw==

walk@2.3.x:
  version "2.3.15"
  resolved "https://registry.yarnpkg.com/walk/-/walk-2.3.15.tgz#1b4611e959d656426bc521e2da5db3acecae2424"
  integrity sha512-4eRTBZljBfIISK1Vnt69Gvr2w/wc3U6Vtrw7qiN5iqYJPH7LElcYh/iU4XWhdCy2dZqv1ToMyYlybDylfG/5Vg==
  dependencies:
    foreachasync "^3.0.0"
