# THIS IS AN AUTOGENERATED FILE. DO NOT EDIT THIS FILE DIRECTLY.
# yarn lockfile v1


"@babel/runtime@^7.8.4":
  version "7.18.9"
  resolved "https://registry.yarnpkg.com/@babel/runtime/-/runtime-7.18.9.tgz#b4fcfce55db3d2e5e080d2490f608a3b9f407f4a"
  integrity sha512-lkqXDcvlFT5rvEjiu6+QYO+1GXrEHRo2LOtS7E4GtX5ESIZOgepqsZBVIj6Pv+a6zqsya9VCgiK1KAK4BvJDAw==
  dependencies:
    regenerator-runtime "^0.13.4"

"@hotwired/stimulus@^3.1.0":
  version "3.1.0"
  resolved "https://registry.yarnpkg.com/@hotwired/stimulus/-/stimulus-3.1.0.tgz#20215251e5afe6e0a3787285181ba1bfc9097df0"
  integrity sha512-iDMHUhiEJ1xFeicyHcZQQgBzhtk5mPR0QZO3L6wtqzMsJEk2TKECuCQTGKjm+KJTHVY0dKq1dOOAWvODjpd2Mg==

"@popperjs/core@^2.11.5":
  version "2.11.5"
  resolved "https://registry.yarnpkg.com/@popperjs/core/-/core-2.11.5.tgz#db5a11bf66bdab39569719555b0f76e138d7bd64"
  integrity sha512-9X2obfABZuDVLCgPK9aX0a/x4jaOEweTTWE2+9sr0Qqqevj2Uv5XorvusThmc9XGYpS9yI+fhh8RTafBtGposw==

asynckit@^0.4.0:
  version "0.4.0"
  resolved "https://registry.yarnpkg.com/asynckit/-/asynckit-0.4.0.tgz#c79ed97f7f34cb8f2ba1bc9790bcc366474b4b79"
  integrity sha512-Oei9OH4tRh0YqU3GxhX79dM/mwVgvbZJaSNaRk+bshkj0S5cfHcgYakreBjrHwatXKbz+IoIdYLxrKim2MjW0Q==

axios@^0.27.2:
  version "0.27.2"
  resolved "https://registry.yarnpkg.com/axios/-/axios-0.27.2.tgz#207658cc8621606e586c85db4b41a750e756d972"
  integrity sha512-t+yRIyySRTp/wua5xEr+z1q60QmLq8ABsS5O9Me1AsE5dfKqgnCFzwiCZZ/cGNd1lq4/7akDWMxdhVlucjmnOQ==
  dependencies:
    follow-redirects "^1.14.9"
    form-data "^4.0.0"

balanced-match@^1.0.0:
  version "1.0.2"
  resolved "https://registry.yarnpkg.com/balanced-match/-/balanced-match-1.0.2.tgz#e83e3a7e3f300b34cb9d87f615fa0cbf357690ee"
  integrity sha512-3oSeUO0TMV67hN1AmbXsK4yaqU7tjiHlbxRDZOpH0KW9+CeX4bRAaX0Anxt0tx2MrpRpWwQaPwIlISEJhYU5Pw==

bootstrap@^5.2.0:
  version "5.2.0"
  resolved "https://registry.yarnpkg.com/bootstrap/-/bootstrap-5.2.0.tgz#838727fb60f1630db370fe57c63cbcf2962bb3d3"
  integrity sha512-qlnS9GL6YZE6Wnef46GxGv1UpGGzAwO0aPL1yOjzDIJpeApeMvqV24iL+pjr2kU4dduoBA9fINKWKgMToobx9A==

brace-expansion@^1.1.7:
  version "1.1.11"
  resolved "https://registry.yarnpkg.com/brace-expansion/-/brace-expansion-1.1.11.tgz#3c7fcbf529d87226f3d2f52b966ff5271eb441dd"
  integrity sha512-iCuPHDFgrHX7H2vEI/5xpz07zSHB00TpugqhmYtVmMO6518mCuRMoOYFldEBl0g187ufozdaHgWKcYFb61qGiA==
  dependencies:
    balanced-match "^1.0.0"
    concat-map "0.0.1"

combined-stream@^1.0.8:
  version "1.0.8"
  resolved "https://registry.yarnpkg.com/combined-stream/-/combined-stream-1.0.8.tgz#c3d45a8b34fd730631a110a8a2520682b31d5a7f"
  integrity sha512-FQN4MRfuJeHf7cBbBMJFXhKSDq+2kAArBlmRBvcvFE5BB1HZKXtSFASDhdlz9zOYwxh8lDdnvmMOe/+5cdoEdg==
  dependencies:
    delayed-stream "~1.0.0"

concat-map@0.0.1:
  version "0.0.1"
  resolved "https://registry.yarnpkg.com/concat-map/-/concat-map-0.0.1.tgz#d8a96bd77fd68df7793a73036a3ba0d5405d477b"
  integrity sha512-/Srv4dswyQNBfohGpz9o6Yb3Gz3SrUDqBH5rTuhGR7ahtlbYKnVxw2bCFMRljaA7EXHaXZ8wsHdodFvbkhKmqg==

datatables.net-bs5@>=1.11.3, datatables.net-bs5@^1.10.25:
  version "1.12.1"
  resolved "https://registry.yarnpkg.com/datatables.net-bs5/-/datatables.net-bs5-1.12.1.tgz#b05d4bcaed77f6b77df0b50eaf1d5ec8e5d476bd"
  integrity sha512-CcQCImfmH4YZk7I0aC0kTiNPyfHJ2ueGgOh/kFB9KqsZD8bNJy2A88gC6hn9A7TbmmenOL+K3Q1ti7G8yqi8SQ==
  dependencies:
    datatables.net ">=1.11.3"
    jquery ">=1.7"

datatables.net-bs5@>=1.12.1:
  version "1.13.1"
  resolved "https://registry.yarnpkg.com/datatables.net-bs5/-/datatables.net-bs5-1.13.1.tgz#e5613b58512d9d9a0040a8f5cfc93b0b484e6082"
  integrity sha512-kNmvUc23FKmK+QNpPPlNYYy+L/OQmiheRT7kTsp3cxHbtXsV7d6u/5TMxT70HH2VvlUivrgRcEtye4Mp+8mbKw==
  dependencies:
    datatables.net ">=1.12.1"
    jquery ">=1.7"

datatables.net-buttons-bs5@^2.2:
  version "2.2.3"
  resolved "https://registry.yarnpkg.com/datatables.net-buttons-bs5/-/datatables.net-buttons-bs5-2.2.3.tgz#816ad321142a6cc343d0a805fcbff2891387c6f1"
  integrity sha512-pQVBLBkG+G85eldTxEyU7SqqIn009pirbylmRAA+Ll9KYwsbyflQOZrTqKVKH6N4ycLjyR6gwtHeLgGnK23tBQ==
  dependencies:
    datatables.net-bs5 ">=1.11.3"
    datatables.net-buttons ">=2.0.1"
    jquery ">=1.7"

datatables.net-buttons@>=2.0.1:
  version "2.2.3"
  resolved "https://registry.yarnpkg.com/datatables.net-buttons/-/datatables.net-buttons-2.2.3.tgz#d0a2c5a4dcb48fa46f2c4435aaddf1ec45ed6e47"
  integrity sha512-9Xz52grBQxAgs6Meo+j/8koxrhnINt0fTc9tLYYb4UHxgtM2BzTGV4NA8KxXGxVjslem41e0quC5eXpXt9d4tw==
  dependencies:
    datatables.net ">=1.11.3"
    jquery ">=1.7"

datatables.net-colreorder-bs5@^1.5.4:
  version "1.5.6"
  resolved "https://registry.yarnpkg.com/datatables.net-colreorder-bs5/-/datatables.net-colreorder-bs5-1.5.6.tgz#84f11597563bd78381f8d18bf702acbfe8023d91"
  integrity sha512-Eu6N9ycH8Q8QHTBIJkZYHLJfNdk7WSR2A0ObGDTtoIMFnZc1wmtvU6lpHkDP+4lqUnkzLGs9bCIwk0m0eCBxAA==
  dependencies:
    datatables.net-bs5 ">=1.11.3"
    datatables.net-colreorder ">=1.5.4"
    jquery ">=1.7"

datatables.net-colreorder@>=1.5.4, datatables.net-colreorder@^1.5.4:
  version "1.5.6"
  resolved "https://registry.yarnpkg.com/datatables.net-colreorder/-/datatables.net-colreorder-1.5.6.tgz#1e17e8db880f7ca73b76f190a152af8cb4288717"
  integrity sha512-TgPEQDIib2K4QsnX/Plk+eMS9ROL4idZvEqo6wvQrvksanERgxzcfwJuev4Yx8GRZ3+BwasXmFvtdSzvjWN3iQ==
  dependencies:
    datatables.net ">=1.11.3"
    jquery ">=1.7"

datatables.net-datetime@^1.1.2:
  version "1.1.2"
  resolved "https://registry.yarnpkg.com/datatables.net-datetime/-/datatables.net-datetime-1.1.2.tgz#d64f07063fd3df4adacde31ee972a1310c829623"
  integrity sha512-UpmtpQ7oVtMgG0lt0nnwNfYH0YRWOk/SKv4Z+5RI8JX/rJHUQXyt9Li+7U0znmIv+4Vkw8yuUV9n9WRAEOviJQ==

datatables.net-fixedcolumns-bs5@^4.0.0:
  version "4.1.0"
  resolved "https://registry.yarnpkg.com/datatables.net-fixedcolumns-bs5/-/datatables.net-fixedcolumns-bs5-4.1.0.tgz#641acb3eebc7b1bea7e1aea42e70c65d53dcd551"
  integrity sha512-1VggcNc//tc+9EJpWeK3oZssDq7s9vRkygKnKf9rbSCHGK09A5GjqcMyZ4uIqPO83WdZ6uV4/02s3gsssfDzgA==
  dependencies:
    datatables.net-bs5 ">=1.11.3"
    datatables.net-fixedcolumns ">=4.0.0"
    jquery ">=1.7"

datatables.net-fixedcolumns@>=4.0.0:
  version "4.1.0"
  resolved "https://registry.yarnpkg.com/datatables.net-fixedcolumns/-/datatables.net-fixedcolumns-4.1.0.tgz#3ae1792d80d50ab958bbc10a0ad1a311d76055df"
  integrity sha512-pxJrfs8PI/DAA1nsteEqUK3uzJ/mPQRMg1ILugOSAY+3RA//RZZhVhiHRptMrUXpkC4lko3brc/PgXEHV+VX9g==
  dependencies:
    datatables.net ">=1.11.3"
    jquery ">=1.7"

datatables.net-fixedheader-bs5@^3.2.2:
  version "3.2.4"
  resolved "https://registry.yarnpkg.com/datatables.net-fixedheader-bs5/-/datatables.net-fixedheader-bs5-3.2.4.tgz#f9c44ece7f4e0cdbef9e0d4ae84f0720af3e4534"
  integrity sha512-xA3nyfQ78to0Sdz8NLrCn+iA8/yZSyLs8bSoefVTP5JUjEzJ7CFkejblFcO8LW/d1dBQhwW+boaj0zqlRCmguA==
  dependencies:
    datatables.net-bs5 ">=1.11.3"
    datatables.net-fixedheader ">=3.2.0"
    jquery ">=1.7"

datatables.net-fixedheader@>=3.2.0:
  version "3.2.4"
  resolved "https://registry.yarnpkg.com/datatables.net-fixedheader/-/datatables.net-fixedheader-3.2.4.tgz#46962df4fe3f23a6e887659a9502eeb1ecb4ab2f"
  integrity sha512-LuQHrnbXE+69vMu21+g67xPj5PGDBhYcSz5sexUlo5K/yNFJhvzpWeBEjcWI6u9iu0ZlvMmC1yRAVrKqYRAcBQ==
  dependencies:
    datatables.net ">=1.11.3"
    jquery ">=1.7"

datatables.net-responsive-bs5@^2.4.0:
  version "2.4.0"
  resolved "https://registry.yarnpkg.com/datatables.net-responsive-bs5/-/datatables.net-responsive-bs5-2.4.0.tgz#ab3a6fb147e5886ae043c9ecd54652f3a5d6d5c0"
  integrity sha512-2kxigvftgVgdyH+BZ17jbR+BcWYZsacnlTt4PeOH/P98bMuqJKrziss7CLz/6qud/ehHdLEQTjMDoJddN9NfxA==
  dependencies:
    datatables.net-bs5 ">=1.12.1"
    datatables.net-responsive ">=2.3.0"
    jquery ">=1.7"

datatables.net-responsive@>=2.3.0:
  version "2.4.0"
  resolved "https://registry.yarnpkg.com/datatables.net-responsive/-/datatables.net-responsive-2.4.0.tgz#91658679483e3ef6cda8b9bc5c1b7eff076a8e70"
  integrity sha512-Acws4aEPJZX/+CQsXpuDBHfrwgl3XxWEc/zlsnJCXE/GGbqjVAtQt7SM6EBcdReMv1FbyWUlF/Uw+de11NT46A==
  dependencies:
    datatables.net ">=1.12.1"
    jquery ">=1.7"

datatables.net-scroller-bs5@^2.0.4:
  version "2.0.7"
  resolved "https://registry.yarnpkg.com/datatables.net-scroller-bs5/-/datatables.net-scroller-bs5-2.0.7.tgz#7c7bf91528051f62403370e7e790dd289ad3be27"
  integrity sha512-xeFNIdyeZtEtE/cVBkcFS4F7iwAFq+8gl8ZqjDIi6v561pH7uhzYO9B5bbNINDtKLkgiOQKj+JZ0tSH4k2HbHw==
  dependencies:
    datatables.net-bs5 ">=1.11.3"
    datatables.net-scroller ">=2.0.5"
    jquery ">=1.7"

datatables.net-scroller@>=2.0.5, datatables.net-scroller@^2.0.4:
  version "2.0.7"
  resolved "https://registry.yarnpkg.com/datatables.net-scroller/-/datatables.net-scroller-2.0.7.tgz#37a79ca38b13682b957918f6bda728089f620a19"
  integrity sha512-FmlQn/1T5L+974aa1IOlcGvz4akx7RrJlk0fnDuvKHyyn98iywb/kfmfsOKsmnMqz3erRUOhF1sXpRwqQ88cgQ==
  dependencies:
    datatables.net ">=1.11.3"
    jquery ">=1.7"

datatables.net-searchbuilder-bs5@^1.3.4:
  version "1.3.4"
  resolved "https://registry.yarnpkg.com/datatables.net-searchbuilder-bs5/-/datatables.net-searchbuilder-bs5-1.3.4.tgz#46d0153929cc4d9f6528c100e4f46cad0a7dc59a"
  integrity sha512-6qjbW3tkc2/C6HaggnRxUoOnh9NDIJVEZY+eQ4r2PJZFzhVOSHpf5mbCm0H0bB2ocudyZ+HhChlgdGHrMIpY2g==
  dependencies:
    datatables.net-bs5 ">=1.11.3"
    datatables.net-searchbuilder ">=1.2.2"
    jquery ">=1.7"

datatables.net-searchbuilder@>=1.2.2:
  version "1.3.4"
  resolved "https://registry.yarnpkg.com/datatables.net-searchbuilder/-/datatables.net-searchbuilder-1.3.4.tgz#83fc6754f74384a2f07511c7cb844be75458bf6b"
  integrity sha512-Dz4T6VI9RCyXdsO5x55qiBunH9AXRyC6IlVcKADQlbp7r4HbkDb8gQYrSvfW6SPUfcmupoPIK9VKtvLOqAMOjg==
  dependencies:
    datatables.net ">=1.11.3"
    jquery ">=1.7"

datatables.net-searchpanes-bs5@^2.0.2:
  version "2.0.2"
  resolved "https://registry.yarnpkg.com/datatables.net-searchpanes-bs5/-/datatables.net-searchpanes-bs5-2.0.2.tgz#277d1c0518bd67b903f58aee6b016ce13ac66892"
  integrity sha512-pemIzru4IG+H+s+8wSwmqstaaV02/Hdla49cR8n3qs8ytemsdpCG8mwa56esEkhm6Vb5RAd5MJYSL/dYOICErA==
  dependencies:
    datatables.net-bs5 ">=1.11.3"
    datatables.net-searchpanes ">=1.4.0"
    jquery ">=1.7"

datatables.net-searchpanes@>=1.4.0, datatables.net-searchpanes@^2.0.2:
  version "2.0.2"
  resolved "https://registry.yarnpkg.com/datatables.net-searchpanes/-/datatables.net-searchpanes-2.0.2.tgz#b697763109f153390d1fe8aea0bacdb2ba74f28f"
  integrity sha512-hbxi80ZGqY6AOKJ+QvEuIM5+5caY2jjv1YvIhHxN+OsIjCUMf2ex9ERwlrPeB9B/oXAIS/CP6TLHAxJ3W3aYFg==
  dependencies:
    datatables.net ">=1.11.3"
    jquery ">=1.7"

datatables.net-select-bs5@^1.3.3:
  version "1.4.0"
  resolved "https://registry.yarnpkg.com/datatables.net-select-bs5/-/datatables.net-select-bs5-1.4.0.tgz#b62411b5a7e1dae32dfe6c2737f28338e1590eeb"
  integrity sha512-CaQTMO8W3G6I/GdOp8GChASJIA/byS41sYdo6RTld79MNV/3HfdQFH6uaqcYnCcaij2NtSvKbl6frOGoj6bDVg==
  dependencies:
    datatables.net-bs5 ">=1.11.3"
    datatables.net-select ">=1.3.3"
    jquery ">=1.7"

datatables.net-select@>=1.3.3:
  version "1.4.0"
  resolved "https://registry.yarnpkg.com/datatables.net-select/-/datatables.net-select-1.4.0.tgz#bd62e785f3413b783dd025ca8e7c5ed2f7fed63d"
  integrity sha512-CWEIpODzKXupZOx5KdPUnX5pDPO0xLrCxezE1MNktolFSz0duMw1w3ae25cEynP+w8wkaXbRfCiyGeBXx1YIvw==
  dependencies:
    datatables.net ">=1.11.3"
    jquery ">=1.7"

datatables.net@>=1.11.3, datatables.net@^1.12.1:
  version "1.12.1"
  resolved "https://registry.yarnpkg.com/datatables.net/-/datatables.net-1.12.1.tgz#3e625e49a3341f605b0efb519fae94e37b278f24"
  integrity sha512-e6XAMUoV41JdQPS/r9YRfRcmTPcCVvyZbWI+xog1Zg+kjVliMQbEkvWK5XFItmi64Cvwg+IqsZbTUJ1KSY3umA==
  dependencies:
    jquery ">=1.7"

datatables.net@>=1.12.1:
  version "1.13.1"
  resolved "https://registry.yarnpkg.com/datatables.net/-/datatables.net-1.13.1.tgz#199f7cb63f4536c135e161f95254212835a1c130"
  integrity sha512-cX5dDHsbVdLLYKsWOSE0MvuGUcV88zU5dZ/taK2puJV6F9Fw0CFsP3+U/kr+qpDSFOBLWISRyM4Q9wWWovPTNg==
  dependencies:
    jquery ">=1.7"

delayed-stream@~1.0.0:
  version "1.0.0"
  resolved "https://registry.yarnpkg.com/delayed-stream/-/delayed-stream-1.0.0.tgz#df3ae199acadfb7d440aaae0b29e2272b24ec619"
  integrity sha512-ZySD7Nf91aLB0RxL4KGrKHBXl7Eds1DAmEdcoVawXnLD7SDhpNgtuII2aAkg7a7QS41jxPSZ17p4VdGnMHk3MQ==

follow-redirects@^1.14.9:
  version "1.15.1"
  resolved "https://registry.yarnpkg.com/follow-redirects/-/follow-redirects-1.15.1.tgz#0ca6a452306c9b276e4d3127483e29575e207ad5"
  integrity sha512-yLAMQs+k0b2m7cVxpS1VKJVvoz7SS9Td1zss3XRwXj+ZDH00RJgnuLx7E44wx02kQLrdM3aOOy+FpzS7+8OizA==

foreachasync@^3.0.0:
  version "3.0.0"
  resolved "https://registry.yarnpkg.com/foreachasync/-/foreachasync-3.0.0.tgz#5502987dc8714be3392097f32e0071c9dee07cf6"
  integrity sha512-J+ler7Ta54FwwNcx6wQRDhTIbNeyDcARMkOcguEqnEdtm0jKvN3Li3PDAb2Du3ubJYEWfYL83XMROXdsXAXycw==

form-data@^4.0.0:
  version "4.0.0"
  resolved "https://registry.yarnpkg.com/form-data/-/form-data-4.0.0.tgz#93919daeaf361ee529584b9b31664dc12c9fa452"
  integrity sha512-ETEklSGi5t0QMZuiXoA/Q6vcnxcLQP5vdugSpuAyi6SVGi2clPPp+xgEhuMaHC+zGgn31Kd235W35f7Hykkaww==
  dependencies:
    asynckit "^0.4.0"
    combined-stream "^1.0.8"
    mime-types "^2.1.12"

jquery@>=1.7:
  version "3.6.0"
  resolved "https://registry.yarnpkg.com/jquery/-/jquery-3.6.0.tgz#c72a09f15c1bdce142f49dbf1170bdf8adac2470"
  integrity sha512-JVzAR/AjBvVt2BmYhxRCSYysDsPcssdmTFnzyLEts9qNwmjmu4JTAMYubEfwVOSwpQ1I1sKKFcxhZCI2buerfw==

locutus@^2.0.11:
  version "2.0.16"
  resolved "https://registry.yarnpkg.com/locutus/-/locutus-2.0.16.tgz#1da15532f1d735712a27e35a1caf0ccb7041f6b3"
  integrity sha512-pGfl6Hb/1mXLzrX5kl5lH7gz25ey0vwQssZp8Qo2CEF59di6KrAgdFm+0pW8ghLnvNzzJGj5tlWhhv2QbK3jeQ==

mime-db@1.52.0:
  version "1.52.0"
  resolved "https://registry.yarnpkg.com/mime-db/-/mime-db-1.52.0.tgz#bbabcdc02859f4987301c856e3387ce5ec43bf70"
  integrity sha512-sPU4uV7dYlvtWJxwwxHD0PuihVNiE7TyAbQ5SWxDCB9mUYvOgroQOwYQQOKPJ8CIbE+1ETVlOoK1UC2nU3gYvg==

mime-types@^2.1.12:
  version "2.1.35"
  resolved "https://registry.yarnpkg.com/mime-types/-/mime-types-2.1.35.tgz#381a871b62a734450660ae3deee44813f70d959a"
  integrity sha512-ZDY+bPm5zTTF+YpCrAU9nK0UgICYPT0QtT1NZWFv4s++TNkcgVaT0g6+4R2uI4MjQjzysHB1zxuWL50hzaeXiw==
  dependencies:
    mime-db "1.52.0"

minimatch@3.0.x:
  version "3.0.8"
  resolved "https://registry.yarnpkg.com/minimatch/-/minimatch-3.0.8.tgz#5e6a59bd11e2ab0de1cfb843eb2d82e546c321c1"
  integrity sha512-6FsRAQsxQ61mw+qP1ZzbL9Bc78x2p5OqNgNpnoAFLTrX8n5Kxph0CsnhmKKNXTWjXqU5L0pGPR7hYk+XWZr60Q==
  dependencies:
    brace-expansion "^1.1.7"

regenerator-runtime@^0.13.4:
  version "0.13.9"
  resolved "https://registry.yarnpkg.com/regenerator-runtime/-/regenerator-runtime-0.13.9.tgz#8925742a98ffd90814988d7566ad30ca3b263b52"
  integrity sha512-p3VT+cOEgxFsRRA9X4lkI1E+k2/CtnKtU4gcxyaCUreilL/vqI6CdZ3wxVUx3UOUg+gnUOQQcRI7BmSI656MYA==

twig@^1.15.4:
  version "1.15.4"
  resolved "https://registry.yarnpkg.com/twig/-/twig-1.15.4.tgz#314b00eaf98a57e70ed7dcfd6def93d0d8f3d627"
  integrity sha512-gRpGrpdf+MswqF6eSjEdYZTa/jt3ZWHK/NU59IbTYJMBQXJ1W+7IxaGEwLkQjd+mNT15j9sQTzQumxUBkuQueQ==
  dependencies:
    "@babel/runtime" "^7.8.4"
    locutus "^2.0.11"
    minimatch "3.0.x"
    walk "2.3.x"

walk@2.3.x:
  version "2.3.15"
  resolved "https://registry.yarnpkg.com/walk/-/walk-2.3.15.tgz#1b4611e959d656426bc521e2da5db3acecae2424"
  integrity sha512-4eRTBZljBfIISK1Vnt69Gvr2w/wc3U6Vtrw7qiN5iqYJPH7LElcYh/iU4XWhdCy2dZqv1ToMyYlybDylfG/5Vg==
  dependencies:
    foreachasync "^3.0.0"
